
Microsoft Visual Studio Solution File, Format Version 12.00
# Visual Studio Version 17
VisualStudioVersion = 17.14.36202.13
MinimumVisualStudioVersion = 10.0.40219.1
Project("{2150E333-8FDC-42A3-9474-1A3956D46DE8}") = "src", "src", "{02EA681E-C7D8-13C7-8484-4AC65E1B71E8}"
EndProject
Project("{2150E333-8FDC-42A3-9474-1A3956D46DE8}") = "test", "test", "{493907C6-C3D7-461F-A7AA-41E1E3BD369B}"
EndProject
Project("{FAE04EC0-301F-11D3-BF4B-00C04F79EFBC}") = "Aymadoka.EfCoreMermaid.Tests", "test\Aymadoka.EfCoreMermaid.Tests\Aymadoka.EfCoreMermaid.Tests.csproj", "{BF11A092-12FE-9E17-D820-3BA4924CE499}"
EndProject
Project("{FAE04EC0-301F-11D3-BF4B-00C04F79EFBC}") = "Aymadoka.EfCoreMermaid", "src\Aymadoka.EfCoreMermaid\Aymadoka.EfCoreMermaid.csproj", "{D832D0E9-1579-7362-8370-183042F83FA3}"
EndProject
Global
	GlobalSection(SolutionConfigurationPlatforms) = preSolution
		Debug|Any CPU = Debug|Any CPU
		Release|Any CPU = Release|Any CPU
	EndGlobalSection
	GlobalSection(ProjectConfigurationPlatforms) = postSolution
		{BF11A092-12FE-9E17-D820-3BA4924CE499}.Debug|Any CPU.ActiveCfg = Debug|Any CPU
		{BF11A092-12FE-9E17-D820-3BA4924CE499}.Debug|Any CPU.Build.0 = Debug|Any CPU
		{BF11A092-12FE-9E17-D820-3BA4924CE499}.Release|Any CPU.ActiveCfg = Release|Any CPU
		{BF11A092-12FE-9E17-D820-3BA4924CE499}.Release|Any CPU.Build.0 = Release|Any CPU
		{D832D0E9-1579-7362-8370-183042F83FA3}.Debug|Any CPU.ActiveCfg = Debug|Any CPU
		{D832D0E9-1579-7362-8370-183042F83FA3}.Debug|Any CPU.Build.0 = Debug|Any CPU
		{D832D0E9-1579-7362-8370-183042F83FA3}.Release|Any CPU.ActiveCfg = Release|Any CPU
		{D832D0E9-1579-7362-8370-183042F83FA3}.Release|Any CPU.Build.0 = Release|Any CPU
	EndGlobalSection
	GlobalSection(SolutionProperties) = preSolution
		HideSolutionNode = FALSE
	EndGlobalSection
	GlobalSection(NestedProjects) = preSolution
		{BF11A092-12FE-9E17-D820-3BA4924CE499} = {493907C6-C3D7-461F-A7AA-41E1E3BD369B}
		{D832D0E9-1579-7362-8370-183042F83FA3} = {02EA681E-C7D8-13C7-8484-4AC65E1B71E8}
	EndGlobalSection
	GlobalSection(ExtensibilityGlobals) = postSolution
		SolutionGuid = {5BE6698C-533F-4659-9370-4C205A384E77}
	EndGlobalSection
EndGlobal
